
Microsoft Visual Studio Solution File, Format Version 12.00
# Visual Studio 14
VisualStudioVersion = 14.0.25420.1
MinimumVisualStudioVersion = 10.0.40219.1
Project("{8BB2217D-0F2D-49D1-97BC-3654ED321F3B}") = "kookbox", "kookbox\kookbox.xproj", "{9F97D3CF-25D6-4AE6-9F57-EA4EBB8A6AA8}"
EndProject
Project("{2150E333-8FDC-42A3-9474-1A3956D46DE8}") = "Solution Items", "Solution Items", "{FB3370B1-80EC-43A2-B748-E90ADAC7AFB3}"
	ProjectSection(SolutionItems) = preProject
		global.json = global.json
	EndProjectSection
EndProject
Project("{8BB2217D-0F2D-49D1-97BC-3654ED321F3B}") = "kookbox.sonos", "kookbox.sonos\kookbox.sonos.xproj", "{EF63EC71-4001-4F7C-A847-4B9C02CF3CC9}"
EndProject
Project("{8BB2217D-0F2D-49D1-97BC-3654ED321F3B}") = "kookbox.files", "kookbox.files\kookbox.files.xproj", "{DCC78B54-E189-4129-9FE3-AF0942CDB201}"
EndProject
Project("{8BB2217D-0F2D-49D1-97BC-3654ED321F3B}") = "kookbox.core", "kookbox.core\kookbox.core.xproj", "{297EF4F9-A68A-430E-B9EA-6BC539A20FDA}"
EndProject
Project("{8BB2217D-0F2D-49D1-97BC-3654ED321F3B}") = "kookbox.mock", "kookbox.mock\kookbox.mock.xproj", "{118C1A29-663E-4825-81C2-2DD8FA61D858}"
EndProject
Global
	GlobalSection(SolutionConfigurationPlatforms) = preSolution
		Debug|Any CPU = Debug|Any CPU
		Release|Any CPU = Release|Any CPU
	EndGlobalSection
	GlobalSection(ProjectConfigurationPlatforms) = postSolution
		{9F97D3CF-25D6-4AE6-9F57-EA4EBB8A6AA8}.Debug|Any CPU.ActiveCfg = Debug|Any CPU
		{9F97D3CF-25D6-4AE6-9F57-EA4EBB8A6AA8}.Debug|Any CPU.Build.0 = Debug|Any CPU
		{9F97D3CF-25D6-4AE6-9F57-EA4EBB8A6AA8}.Release|Any CPU.ActiveCfg = Release|Any CPU
		{9F97D3CF-25D6-4AE6-9F57-EA4EBB8A6AA8}.Release|Any CPU.Build.0 = Release|Any CPU
		{EF63EC71-4001-4F7C-A847-4B9C02CF3CC9}.Debug|Any CPU.ActiveCfg = Debug|Any CPU
		{EF63EC71-4001-4F7C-A847-4B9C02CF3CC9}.Debug|Any CPU.Build.0 = Debug|Any CPU
		{EF63EC71-4001-4F7C-A847-4B9C02CF3CC9}.Release|Any CPU.ActiveCfg = Release|Any CPU
		{EF63EC71-4001-4F7C-A847-4B9C02CF3CC9}.Release|Any CPU.Build.0 = Release|Any CPU
		{DCC78B54-E189-4129-9FE3-AF0942CDB201}.Debug|Any CPU.ActiveCfg = Debug|Any CPU
		{DCC78B54-E189-4129-9FE3-AF0942CDB201}.Debug|Any CPU.Build.0 = Debug|Any CPU
		{DCC78B54-E189-4129-9FE3-AF0942CDB201}.Release|Any CPU.ActiveCfg = Release|Any CPU
		{DCC78B54-E189-4129-9FE3-AF0942CDB201}.Release|Any CPU.Build.0 = Release|Any CPU
		{297EF4F9-A68A-430E-B9EA-6BC539A20FDA}.Debug|Any CPU.ActiveCfg = Debug|Any CPU
		{297EF4F9-A68A-430E-B9EA-6BC539A20FDA}.Debug|Any CPU.Build.0 = Debug|Any CPU
		{297EF4F9-A68A-430E-B9EA-6BC539A20FDA}.Release|Any CPU.ActiveCfg = Release|Any CPU
		{297EF4F9-A68A-430E-B9EA-6BC539A20FDA}.Release|Any CPU.Build.0 = Release|Any CPU
		{118C1A29-663E-4825-81C2-2DD8FA61D858}.Debug|Any CPU.ActiveCfg = Debug|Any CPU
		{118C1A29-663E-4825-81C2-2DD8FA61D858}.Debug|Any CPU.Build.0 = Debug|Any CPU
		{118C1A29-663E-4825-81C2-2DD8FA61D858}.Release|Any CPU.ActiveCfg = Release|Any CPU
		{118C1A29-663E-4825-81C2-2DD8FA61D858}.Release|Any CPU.Build.0 = Release|Any CPU
	EndGlobalSection
	GlobalSection(SolutionProperties) = preSolution
		HideSolutionNode = FALSE
	EndGlobalSection
EndGlobal
